
Microsoft Visual Studio Solution File, Format Version 11.00
# Visual Studio 2010
Project("{FAE04EC0-301F-11D3-BF4B-00C04F79EFBC}") = "HelloMVC", "HelloMVC.csproj", "{422C1482-5B83-44EE-A5C6-AEB9D8F6D680}"
EndProject
Global
	GlobalSection(SolutionConfigurationPlatforms) = preSolution
		Debug|Any CPU = Debug|Any CPU
		Release|Any CPU = Release|Any CPU
	EndGlobalSection
	GlobalSection(ProjectConfigurationPlatforms) = postSolution
		{422C1482-5B83-44EE-A5C6-AEB9D8F6D680}.Debug|Any CPU.ActiveCfg = Debug|Any CPU
		{422C1482-5B83-44EE-A5C6-AEB9D8F6D680}.Debug|Any CPU.Build.0 = Debug|Any CPU
		{422C1482-5B83-44EE-A5C6-AEB9D8F6D680}.Release|Any CPU.ActiveCfg = Release|Any CPU
		{422C1482-5B83-44EE-A5C6-AEB9D8F6D680}.Release|Any CPU.Build.0 = Release|Any CPU
	EndGlobalSection
	GlobalSection(SolutionProperties) = preSolution
		HideSolutionNode = FALSE
	EndGlobalSection
EndGlobal
